// !$*UTF8*$!
{
	archiveVersion = 1;
	classes = {
	};
	objectVersion = 77;
	objects = {

/* Begin PBXBuildFile section */
		A8E473CB2D0C8A40005833B2 /* AppDelegate.swift in Sources */ = {isa = PBXBuildFile; fileRef = A8E473CA2D0C8A40005833B2 /* AppDelegate.swift */; };
		A8E473CD2D0C8A40005833B2 /* SceneDelegate.swift in Sources */ = {isa = PBXBuildFile; fileRef = A8E473CC2D0C8A40005833B2 /* SceneDelegate.swift */; };
		A8E473E52D0C8AAB005833B2 /* AnyListViewController.swift in Sources */ = {isa = PBXBuildFile; fileRef = A8E473E32D0C8AAB005833B2 /* AnyListViewController.swift */; };
		A8E473FB2D0CB31F005833B2 /* Config.swift in Sources */ = {isa = PBXBuildFile; fileRef = A8E473FA2D0CB31F005833B2 /* Config.swift */; };
		A8E473FD2D0CB3F7005833B2 /* AppButton.swift in Sources */ = {isa = PBXBuildFile; fileRef = A8E473FC2D0CB3F7005833B2 /* AppButton.swift */; };
		A8E473FF2D0CB61C005833B2 /* AppLabel.swift in Sources */ = {isa = PBXBuildFile; fileRef = A8E473FE2D0CB61C005833B2 /* AppLabel.swift */; };
		A8E474012D0CB8B3005833B2 /* AppTextField.swift in Sources */ = {isa = PBXBuildFile; fileRef = A8E474002D0CB8B3005833B2 /* AppTextField.swift */; };
		A8E474032D0CBB99005833B2 /* ViewService.swift in Sources */ = {isa = PBXBuildFile; fileRef = A8E474022D0CBB99005833B2 /* ViewService.swift */; };
		A8E474052D0CCAA2005833B2 /* AuthViewController.swift in Sources */ = {isa = PBXBuildFile; fileRef = A8E474042D0CCAA2005833B2 /* AuthViewController.swift */; };
		A8E474192D0CCCEE005833B2 /* RegisterViewController.swift in Sources */ = {isa = PBXBuildFile; fileRef = A8E474182D0CCCEE005833B2 /* RegisterViewController.swift */; };
		A8E474252D0E22A2005833B2 /* User.swift in Sources */ = {isa = PBXBuildFile; fileRef = A8E474242D0E22A2005833B2 /* User.swift */; };
		A8E474272D0E3DBF005833B2 /* List.swift in Sources */ = {isa = PBXBuildFile; fileRef = A8E474262D0E3DBF005833B2 /* List.swift */; };
		A8E474292D0E4AEC005833B2 /* AppIcon.swift in Sources */ = {isa = PBXBuildFile; fileRef = A8E474282D0E4AEC005833B2 /* AppIcon.swift */; };
		A8E474342D0F5419005833B2 /* NetWork.swift in Sources */ = {isa = PBXBuildFile; fileRef = A8E474332D0F5419005833B2 /* NetWork.swift */; };
		A8E474362D0F6310005833B2 /* AuthInteractor.swift in Sources */ = {isa = PBXBuildFile; fileRef = A8E474352D0F6310005833B2 /* AuthInteractor.swift */; };
		A8E474382D0F63D4005833B2 /* AuthPresenter.swift in Sources */ = {isa = PBXBuildFile; fileRef = A8E474372D0F63D4005833B2 /* AuthPresenter.swift */; };
		A8E4743A2D0F6594005833B2 /* AuthRouter.swift in Sources */ = {isa = PBXBuildFile; fileRef = A8E474392D0F6594005833B2 /* AuthRouter.swift */; };
		A8E4743C2D0F9646005833B2 /* FirebaseCore in Frameworks */ = {isa = PBXBuildFile; productRef = A8E4743B2D0F9646005833B2 /* FirebaseCore */; };
		A8E4743E2D0F9660005833B2 /* FirebaseAuth in Frameworks */ = {isa = PBXBuildFile; productRef = A8E4743D2D0F9660005833B2 /* FirebaseAuth */; };
		A8E474402D0F9682005833B2 /* FirebaseFirestore in Frameworks */ = {isa = PBXBuildFile; productRef = A8E4743F2D0F9682005833B2 /* FirebaseFirestore */; };
		A8E4745D2D10758F005833B2 /* AnyListInteractor.swift in Sources */ = {isa = PBXBuildFile; fileRef = A8E4745C2D10758F005833B2 /* AnyListInteractor.swift */; };
		A8E4745F2D1075EB005833B2 /* AnyListPresenter.swift in Sources */ = {isa = PBXBuildFile; fileRef = A8E4745E2D1075EB005833B2 /* AnyListPresenter.swift */; };
		A8E474612D10760E005833B2 /* AnyListRouter.swift in Sources */ = {isa = PBXBuildFile; fileRef = A8E474602D10760E005833B2 /* AnyListRouter.swift */; };
		A8E474632D109606005833B2 /* CreateListViewController.swift in Sources */ = {isa = PBXBuildFile; fileRef = A8E474622D109606005833B2 /* CreateListViewController.swift */; };
		A8E474662D109A1C005833B2 /* CreateListInteractor.swift in Sources */ = {isa = PBXBuildFile; fileRef = A8E474652D109A1C005833B2 /* CreateListInteractor.swift */; };
		A8E474682D109A4C005833B2 /* CreateListRouter.swift in Sources */ = {isa = PBXBuildFile; fileRef = A8E474672D109A4C005833B2 /* CreateListRouter.swift */; };
		A8E4746A2D10B12C005833B2 /* CreateListPresenter.swift in Sources */ = {isa = PBXBuildFile; fileRef = A8E474692D10B12C005833B2 /* CreateListPresenter.swift */; };
/* End PBXBuildFile section */

/* Begin PBXFileReference section */
		A8E473C72D0C8A40005833B2 /* AnyList.app */ = {isa = PBXFileReference; explicitFileType = wrapper.application; includeInIndex = 0; path = AnyList.app; sourceTree = BUILT_PRODUCTS_DIR; };
		A8E473CA2D0C8A40005833B2 /* AppDelegate.swift */ = {isa = PBXFileReference; lastKnownFileType = sourcecode.swift; path = AppDelegate.swift; sourceTree = "<group>"; };
		A8E473CC2D0C8A40005833B2 /* SceneDelegate.swift */ = {isa = PBXFileReference; lastKnownFileType = sourcecode.swift; path = SceneDelegate.swift; sourceTree = "<group>"; };
		A8E473E32D0C8AAB005833B2 /* AnyListViewController.swift */ = {isa = PBXFileReference; lastKnownFileType = sourcecode.swift; path = AnyListViewController.swift; sourceTree = "<group>"; };
		A8E473FA2D0CB31F005833B2 /* Config.swift */ = {isa = PBXFileReference; lastKnownFileType = sourcecode.swift; path = Config.swift; sourceTree = "<group>"; };
		A8E473FC2D0CB3F7005833B2 /* AppButton.swift */ = {isa = PBXFileReference; lastKnownFileType = sourcecode.swift; path = AppButton.swift; sourceTree = "<group>"; };
		A8E473FE2D0CB61C005833B2 /* AppLabel.swift */ = {isa = PBXFileReference; lastKnownFileType = sourcecode.swift; path = AppLabel.swift; sourceTree = "<group>"; };
		A8E474002D0CB8B3005833B2 /* AppTextField.swift */ = {isa = PBXFileReference; lastKnownFileType = sourcecode.swift; path = AppTextField.swift; sourceTree = "<group>"; };
		A8E474022D0CBB99005833B2 /* ViewService.swift */ = {isa = PBXFileReference; lastKnownFileType = sourcecode.swift; path = ViewService.swift; sourceTree = "<group>"; };
		A8E474042D0CCAA2005833B2 /* AuthViewController.swift */ = {isa = PBXFileReference; lastKnownFileType = sourcecode.swift; path = AuthViewController.swift; sourceTree = "<group>"; };
		A8E474182D0CCCEE005833B2 /* RegisterViewController.swift */ = {isa = PBXFileReference; lastKnownFileType = sourcecode.swift; path = RegisterViewController.swift; sourceTree = "<group>"; };
		A8E474242D0E22A2005833B2 /* User.swift */ = {isa = PBXFileReference; lastKnownFileType = sourcecode.swift; path = User.swift; sourceTree = "<group>"; };
		A8E474262D0E3DBF005833B2 /* List.swift */ = {isa = PBXFileReference; lastKnownFileType = sourcecode.swift; path = List.swift; sourceTree = "<group>"; };
		A8E474282D0E4AEC005833B2 /* AppIcon.swift */ = {isa = PBXFileReference; lastKnownFileType = sourcecode.swift; path = AppIcon.swift; sourceTree = "<group>"; };
		A8E474332D0F5419005833B2 /* NetWork.swift */ = {isa = PBXFileReference; lastKnownFileType = sourcecode.swift; path = NetWork.swift; sourceTree = "<group>"; };
		A8E474352D0F6310005833B2 /* AuthInteractor.swift */ = {isa = PBXFileReference; lastKnownFileType = sourcecode.swift; path = AuthInteractor.swift; sourceTree = "<group>"; };
		A8E474372D0F63D4005833B2 /* AuthPresenter.swift */ = {isa = PBXFileReference; lastKnownFileType = sourcecode.swift; path = AuthPresenter.swift; sourceTree = "<group>"; };
		A8E474392D0F6594005833B2 /* AuthRouter.swift */ = {isa = PBXFileReference; lastKnownFileType = sourcecode.swift; path = AuthRouter.swift; sourceTree = "<group>"; };
		A8E4745C2D10758F005833B2 /* AnyListInteractor.swift */ = {isa = PBXFileReference; lastKnownFileType = sourcecode.swift; path = AnyListInteractor.swift; sourceTree = "<group>"; };
		A8E4745E2D1075EB005833B2 /* AnyListPresenter.swift */ = {isa = PBXFileReference; lastKnownFileType = sourcecode.swift; path = AnyListPresenter.swift; sourceTree = "<group>"; };
		A8E474602D10760E005833B2 /* AnyListRouter.swift */ = {isa = PBXFileReference; lastKnownFileType = sourcecode.swift; path = AnyListRouter.swift; sourceTree = "<group>"; };
		A8E474622D109606005833B2 /* CreateListViewController.swift */ = {isa = PBXFileReference; lastKnownFileType = sourcecode.swift; path = CreateListViewController.swift; sourceTree = "<group>"; };
		A8E474652D109A1C005833B2 /* CreateListInteractor.swift */ = {isa = PBXFileReference; lastKnownFileType = sourcecode.swift; path = CreateListInteractor.swift; sourceTree = "<group>"; };
		A8E474672D109A4C005833B2 /* CreateListRouter.swift */ = {isa = PBXFileReference; lastKnownFileType = sourcecode.swift; path = CreateListRouter.swift; sourceTree = "<group>"; };
		A8E474692D10B12C005833B2 /* CreateListPresenter.swift */ = {isa = PBXFileReference; lastKnownFileType = sourcecode.swift; path = CreateListPresenter.swift; sourceTree = "<group>"; };
/* End PBXFileReference section */

/* Begin PBXFileSystemSynchronizedBuildFileExceptionSet section */
		A8E473D92D0C8A41005833B2 /* Exceptions for "AnyList" folder in "AnyList" target */ = {
			isa = PBXFileSystemSynchronizedBuildFileExceptionSet;
			membershipExceptions = (
				Info.plist,
			);
			target = A8E473C62D0C8A40005833B2 /* AnyList */;
		};
/* End PBXFileSystemSynchronizedBuildFileExceptionSet section */

/* Begin PBXFileSystemSynchronizedRootGroup section */
		A8E473C92D0C8A40005833B2 /* AnyList */ = {
			isa = PBXFileSystemSynchronizedRootGroup;
			exceptions = (
				A8E473D92D0C8A41005833B2 /* Exceptions for "AnyList" folder in "AnyList" target */,
			);
			path = AnyList;
			sourceTree = "<group>";
		};
/* End PBXFileSystemSynchronizedRootGroup section */

/* Begin PBXFrameworksBuildPhase section */
		A8E473C42D0C8A40005833B2 /* Frameworks */ = {
			isa = PBXFrameworksBuildPhase;
			buildActionMask = 2147483647;
			files = (
				A8E4743C2D0F9646005833B2 /* FirebaseCore in Frameworks */,
				A8E4743E2D0F9660005833B2 /* FirebaseAuth in Frameworks */,
				A8E474402D0F9682005833B2 /* FirebaseFirestore in Frameworks */,
			);
			runOnlyForDeploymentPostprocessing = 0;
		};
/* End PBXFrameworksBuildPhase section */

/* Begin PBXGroup section */
		A8E473BE2D0C8A40005833B2 = {
			isa = PBXGroup;
			children = (
				A8E474232D0E2261005833B2 /* Models */,
				A8E473F92D0CB307005833B2 /* Config */,
				A8E473F82D0CB2A0005833B2 /* Network */,
				A8E473E72D0C8AEA005833B2 /* App */,
				A8E473F72D0CAFD0005833B2 /* View */,
				A8E473E82D0C8C22005833B2 /* AuthModule */,
				A8E473E62D0C8ACF005833B2 /* AnyListModule */,
				A8E474642D1099AF005833B2 /* CreateListModule */,
				A8E473C92D0C8A40005833B2 /* AnyList */,
				A8E473EC2D0C9BA3005833B2 /* Frameworks */,
				A8E473C82D0C8A40005833B2 /* Products */,
			);
			sourceTree = "<group>";
		};
		A8E473C82D0C8A40005833B2 /* Products */ = {
			isa = PBXGroup;
			children = (
				A8E473C72D0C8A40005833B2 /* AnyList.app */,
			);
			name = Products;
			sourceTree = "<group>";
		};
		A8E473E62D0C8ACF005833B2 /* AnyListModule */ = {
			isa = PBXGroup;
			children = (
				A8E473E32D0C8AAB005833B2 /* AnyListViewController.swift */,
				A8E4745C2D10758F005833B2 /* AnyListInteractor.swift */,
				A8E4745E2D1075EB005833B2 /* AnyListPresenter.swift */,
				A8E474602D10760E005833B2 /* AnyListRouter.swift */,
			);
			path = AnyListModule;
			sourceTree = "<group>";
		};
		A8E473E72D0C8AEA005833B2 /* App */ = {
			isa = PBXGroup;
			children = (
				A8E473CA2D0C8A40005833B2 /* AppDelegate.swift */,
				A8E473CC2D0C8A40005833B2 /* SceneDelegate.swift */,
			);
			path = App;
			sourceTree = "<group>";
		};
		A8E473E82D0C8C22005833B2 /* AuthModule */ = {
			isa = PBXGroup;
			children = (
				A8E474042D0CCAA2005833B2 /* AuthViewController.swift */,
				A8E474392D0F6594005833B2 /* AuthRouter.swift */,
				A8E474352D0F6310005833B2 /* AuthInteractor.swift */,
				A8E474372D0F63D4005833B2 /* AuthPresenter.swift */,
				A8E474182D0CCCEE005833B2 /* RegisterViewController.swift */,
			);
			path = AuthModule;
			sourceTree = "<group>";
		};
		A8E473EC2D0C9BA3005833B2 /* Frameworks */ = {
			isa = PBXGroup;
			children = (
			);
			name = Frameworks;
			sourceTree = "<group>";
		};
		A8E473F72D0CAFD0005833B2 /* View */ = {
			isa = PBXGroup;
			children = (
				A8E474022D0CBB99005833B2 /* ViewService.swift */,
				A8E473FC2D0CB3F7005833B2 /* AppButton.swift */,
				A8E474282D0E4AEC005833B2 /* AppIcon.swift */,
				A8E473FE2D0CB61C005833B2 /* AppLabel.swift */,
				A8E474002D0CB8B3005833B2 /* AppTextField.swift */,
			);
			path = View;
			sourceTree = "<group>";
		};
		A8E473F82D0CB2A0005833B2 /* Network */ = {
			isa = PBXGroup;
			children = (
				A8E474332D0F5419005833B2 /* NetWork.swift */,
			);
			path = Network;
			sourceTree = "<group>";
		};
		A8E473F92D0CB307005833B2 /* Config */ = {
			isa = PBXGroup;
			children = (
				A8E473FA2D0CB31F005833B2 /* Config.swift */,
			);
			path = Config;
			sourceTree = "<group>";
		};
		A8E474232D0E2261005833B2 /* Models */ = {
			isa = PBXGroup;
			children = (
				A8E474242D0E22A2005833B2 /* User.swift */,
				A8E474262D0E3DBF005833B2 /* List.swift */,
			);
			path = Models;
			sourceTree = "<group>";
		};
		A8E474642D1099AF005833B2 /* CreateListModule */ = {
			isa = PBXGroup;
			children = (
				A8E474622D109606005833B2 /* CreateListViewController.swift */,
				A8E474652D109A1C005833B2 /* CreateListInteractor.swift */,
				A8E474672D109A4C005833B2 /* CreateListRouter.swift */,
				A8E474692D10B12C005833B2 /* CreateListPresenter.swift */,
			);
			path = CreateListModule;
			sourceTree = "<group>";
		};
/* End PBXGroup section */

/* Begin PBXNativeTarget section */
		A8E473C62D0C8A40005833B2 /* AnyList */ = {
			isa = PBXNativeTarget;
			buildConfigurationList = A8E473DA2D0C8A41005833B2 /* Build configuration list for PBXNativeTarget "AnyList" */;
			buildPhases = (
				A8E473C32D0C8A40005833B2 /* Sources */,
				A8E473C42D0C8A40005833B2 /* Frameworks */,
				A8E473C52D0C8A40005833B2 /* Resources */,
			);
			buildRules = (
			);
			dependencies = (
			);
			fileSystemSynchronizedGroups = (
				A8E473C92D0C8A40005833B2 /* AnyList */,
			);
			name = AnyList;
			packageProductDependencies = (
				A8E4743B2D0F9646005833B2 /* FirebaseCore */,
				A8E4743D2D0F9660005833B2 /* FirebaseAuth */,
				A8E4743F2D0F9682005833B2 /* FirebaseFirestore */,
			);
			productName = AnyList;
			productReference = A8E473C72D0C8A40005833B2 /* AnyList.app */;
			productType = "com.apple.product-type.application";
		};
/* End PBXNativeTarget section */

/* Begin PBXProject section */
		A8E473BF2D0C8A40005833B2 /* Project object */ = {
			isa = PBXProject;
			attributes = {
				BuildIndependentTargetsInParallel = 1;
				LastSwiftUpdateCheck = 1620;
				LastUpgradeCheck = 1620;
				TargetAttributes = {
					A8E473C62D0C8A40005833B2 = {
						CreatedOnToolsVersion = 16.2;
					};
				};
			};
			buildConfigurationList = A8E473C22D0C8A40005833B2 /* Build configuration list for PBXProject "AnyList" */;
			developmentRegion = en;
			hasScannedForEncodings = 0;
			knownRegions = (
				en,
				Base,
			);
			mainGroup = A8E473BE2D0C8A40005833B2;
			minimizedProjectReferenceProxies = 1;
			packageReferences = (
				A8E473EB2D0C8F3A005833B2 /* XCRemoteSwiftPackageReference "firebase-ios-sdk" */,
			);
			preferredProjectObjectVersion = 77;
			productRefGroup = A8E473C82D0C8A40005833B2 /* Products */;
			projectDirPath = "";
			projectRoot = "";
			targets = (
				A8E473C62D0C8A40005833B2 /* AnyList */,
			);
		};
/* End PBXProject section */

/* Begin PBXResourcesBuildPhase section */
		A8E473C52D0C8A40005833B2 /* Resources */ = {
			isa = PBXResourcesBuildPhase;
			buildActionMask = 2147483647;
			files = (
			);
			runOnlyForDeploymentPostprocessing = 0;
		};
/* End PBXResourcesBuildPhase section */

/* Begin PBXSourcesBuildPhase section */
		A8E473C32D0C8A40005833B2 /* Sources */ = {
			isa = PBXSourcesBuildPhase;
			buildActionMask = 2147483647;
			files = (
				A8E4743A2D0F6594005833B2 /* AuthRouter.swift in Sources */,
				A8E474682D109A4C005833B2 /* CreateListRouter.swift in Sources */,
				A8E474032D0CBB99005833B2 /* ViewService.swift in Sources */,
				A8E474662D109A1C005833B2 /* CreateListInteractor.swift in Sources */,
				A8E474192D0CCCEE005833B2 /* RegisterViewController.swift in Sources */,
				A8E4745D2D10758F005833B2 /* AnyListInteractor.swift in Sources */,
				A8E473CB2D0C8A40005833B2 /* AppDelegate.swift in Sources */,
				A8E473FB2D0CB31F005833B2 /* Config.swift in Sources */,
				A8E473E52D0C8AAB005833B2 /* AnyListViewController.swift in Sources */,
				A8E474292D0E4AEC005833B2 /* AppIcon.swift in Sources */,
				A8E474272D0E3DBF005833B2 /* List.swift in Sources */,
				A8E473CD2D0C8A40005833B2 /* SceneDelegate.swift in Sources */,
				A8E474382D0F63D4005833B2 /* AuthPresenter.swift in Sources */,
				A8E474012D0CB8B3005833B2 /* AppTextField.swift in Sources */,
				A8E473FF2D0CB61C005833B2 /* AppLabel.swift in Sources */,
				A8E474052D0CCAA2005833B2 /* AuthViewController.swift in Sources */,
				A8E474362D0F6310005833B2 /* AuthInteractor.swift in Sources */,
				A8E474632D109606005833B2 /* CreateListViewController.swift in Sources */,
				A8E474612D10760E005833B2 /* AnyListRouter.swift in Sources */,
				A8E473FD2D0CB3F7005833B2 /* AppButton.swift in Sources */,
				A8E4746A2D10B12C005833B2 /* CreateListPresenter.swift in Sources */,
				A8E474252D0E22A2005833B2 /* User.swift in Sources */,
				A8E4745F2D1075EB005833B2 /* AnyListPresenter.swift in Sources */,
				A8E474342D0F5419005833B2 /* NetWork.swift in Sources */,
			);
			runOnlyForDeploymentPostprocessing = 0;
		};
/* End PBXSourcesBuildPhase section */

/* Begin XCBuildConfiguration section */
		A8E473DB2D0C8A41005833B2 /* Debug */ = {
			isa = XCBuildConfiguration;
			buildSettings = {
				ASSETCATALOG_COMPILER_APPICON_NAME = AppIcon;
				ASSETCATALOG_COMPILER_GLOBAL_ACCENT_COLOR_NAME = AccentColor;
				CODE_SIGN_STYLE = Automatic;
				CURRENT_PROJECT_VERSION = 1;
				GENERATE_INFOPLIST_FILE = YES;
				INFOPLIST_FILE = AnyList/Info.plist;
				INFOPLIST_KEY_UIApplicationSupportsIndirectInputEvents = YES;
				INFOPLIST_KEY_UILaunchStoryboardName = LaunchScreen;
				INFOPLIST_KEY_UISupportedInterfaceOrientations_iPad = "UIInterfaceOrientationPortrait UIInterfaceOrientationPortraitUpsideDown UIInterfaceOrientationLandscapeLeft UIInterfaceOrientationLandscapeRight";
				INFOPLIST_KEY_UISupportedInterfaceOrientations_iPhone = "UIInterfaceOrientationPortrait UIInterfaceOrientationLandscapeLeft UIInterfaceOrientationLandscapeRight";
				IPHONEOS_DEPLOYMENT_TARGET = 17.0;
				LD_RUNPATH_SEARCH_PATHS = (
					"$(inherited)",
					"@executable_path/Frameworks",
				);
				MARKETING_VERSION = 1.0;
				PRODUCT_BUNDLE_IDENTIFIER = Bashvicorp.AnyList;
				PRODUCT_NAME = "$(TARGET_NAME)";
				SUPPORTED_PLATFORMS = "iphoneos iphonesimulator";
				SUPPORTS_MACCATALYST = NO;
				SUPPORTS_MAC_DESIGNED_FOR_IPHONE_IPAD = NO;
				SUPPORTS_XR_DESIGNED_FOR_IPHONE_IPAD = NO;
				SWIFT_EMIT_LOC_STRINGS = YES;
				SWIFT_VERSION = 5.0;
				TARGETED_DEVICE_FAMILY = "1,2";
			};
			name = Debug;
		};
		A8E473DC2D0C8A41005833B2 /* Release */ = {
			isa = XCBuildConfiguration;
			buildSettings = {
				ASSETCATALOG_COMPILER_APPICON_NAME = AppIcon;
				ASSETCATALOG_COMPILER_GLOBAL_ACCENT_COLOR_NAME = AccentColor;
				CODE_SIGN_STYLE = Automatic;
				CURRENT_PROJECT_VERSION = 1;
				GENERATE_INFOPLIST_FILE = YES;
				INFOPLIST_FILE = AnyList/Info.plist;
				INFOPLIST_KEY_UIApplicationSupportsIndirectInputEvents = YES;
				INFOPLIST_KEY_UILaunchStoryboardName = LaunchScreen;
				INFOPLIST_KEY_UISupportedInterfaceOrientations_iPad = "UIInterfaceOrientationPortrait UIInterfaceOrientationPortraitUpsideDown UIInterfaceOrientationLandscapeLeft UIInterfaceOrientationLandscapeRight";
				INFOPLIST_KEY_UISupportedInterfaceOrientations_iPhone = "UIInterfaceOrientationPortrait UIInterfaceOrientationLandscapeLeft UIInterfaceOrientationLandscapeRight";
				IPHONEOS_DEPLOYMENT_TARGET = 17.0;
				LD_RUNPATH_SEARCH_PATHS = (
					"$(inherited)",
					"@executable_path/Frameworks",
				);
				MARKETING_VERSION = 1.0;
				PRODUCT_BUNDLE_IDENTIFIER = Bashvicorp.AnyList;
				PRODUCT_NAME = "$(TARGET_NAME)";
				SUPPORTED_PLATFORMS = "iphoneos iphonesimulator";
				SUPPORTS_MACCATALYST = NO;
				SUPPORTS_MAC_DESIGNED_FOR_IPHONE_IPAD = NO;
				SUPPORTS_XR_DESIGNED_FOR_IPHONE_IPAD = NO;
				SWIFT_EMIT_LOC_STRINGS = YES;
				SWIFT_VERSION = 5.0;
				TARGETED_DEVICE_FAMILY = "1,2";
			};
			name = Release;
		};
		A8E473DD2D0C8A41005833B2 /* Debug */ = {
			isa = XCBuildConfiguration;
			buildSettings = {
				ALWAYS_SEARCH_USER_PATHS = NO;
				ASSETCATALOG_COMPILER_GENERATE_SWIFT_ASSET_SYMBOL_EXTENSIONS = YES;
				CLANG_ANALYZER_NONNULL = YES;
				CLANG_ANALYZER_NUMBER_OBJECT_CONVERSION = YES_AGGRESSIVE;
				CLANG_CXX_LANGUAGE_STANDARD = "gnu++20";
				CLANG_ENABLE_MODULES = YES;
				CLANG_ENABLE_OBJC_ARC = YES;
				CLANG_ENABLE_OBJC_WEAK = YES;
				CLANG_WARN_BLOCK_CAPTURE_AUTORELEASING = YES;
				CLANG_WARN_BOOL_CONVERSION = YES;
				CLANG_WARN_COMMA = YES;
				CLANG_WARN_CONSTANT_CONVERSION = YES;
				CLANG_WARN_DEPRECATED_OBJC_IMPLEMENTATIONS = YES;
				CLANG_WARN_DIRECT_OBJC_ISA_USAGE = YES_ERROR;
				CLANG_WARN_DOCUMENTATION_COMMENTS = YES;
				CLANG_WARN_EMPTY_BODY = YES;
				CLANG_WARN_ENUM_CONVERSION = YES;
				CLANG_WARN_INFINITE_RECURSION = YES;
				CLANG_WARN_INT_CONVERSION = YES;
				CLANG_WARN_NON_LITERAL_NULL_CONVERSION = YES;
				CLANG_WARN_OBJC_IMPLICIT_RETAIN_SELF = YES;
				CLANG_WARN_OBJC_LITERAL_CONVERSION = YES;
				CLANG_WARN_OBJC_ROOT_CLASS = YES_ERROR;
				CLANG_WARN_QUOTED_INCLUDE_IN_FRAMEWORK_HEADER = YES;
				CLANG_WARN_RANGE_LOOP_ANALYSIS = YES;
				CLANG_WARN_STRICT_PROTOTYPES = YES;
				CLANG_WARN_SUSPICIOUS_MOVE = YES;
				CLANG_WARN_UNGUARDED_AVAILABILITY = YES_AGGRESSIVE;
				CLANG_WARN_UNREACHABLE_CODE = YES;
				CLANG_WARN__DUPLICATE_METHOD_MATCH = YES;
				COPY_PHASE_STRIP = NO;
				DEBUG_INFORMATION_FORMAT = dwarf;
				ENABLE_STRICT_OBJC_MSGSEND = YES;
				ENABLE_TESTABILITY = YES;
				ENABLE_USER_SCRIPT_SANDBOXING = YES;
				GCC_C_LANGUAGE_STANDARD = gnu17;
				GCC_DYNAMIC_NO_PIC = NO;
				GCC_NO_COMMON_BLOCKS = YES;
				GCC_OPTIMIZATION_LEVEL = 0;
				GCC_PREPROCESSOR_DEFINITIONS = (
					"DEBUG=1",
					"$(inherited)",
				);
				GCC_WARN_64_TO_32_BIT_CONVERSION = YES;
				GCC_WARN_ABOUT_RETURN_TYPE = YES_ERROR;
				GCC_WARN_UNDECLARED_SELECTOR = YES;
				GCC_WARN_UNINITIALIZED_AUTOS = YES_AGGRESSIVE;
				GCC_WARN_UNUSED_FUNCTION = YES;
				GCC_WARN_UNUSED_VARIABLE = YES;
				IPHONEOS_DEPLOYMENT_TARGET = 18.2;
				LOCALIZATION_PREFERS_STRING_CATALOGS = YES;
				MTL_ENABLE_DEBUG_INFO = INCLUDE_SOURCE;
				MTL_FAST_MATH = YES;
				ONLY_ACTIVE_ARCH = YES;
				SDKROOT = iphoneos;
				SWIFT_ACTIVE_COMPILATION_CONDITIONS = "DEBUG $(inherited)";
				SWIFT_OPTIMIZATION_LEVEL = "-Onone";
			};
			name = Debug;
		};
		A8E473DE2D0C8A41005833B2 /* Release */ = {
			isa = XCBuildConfiguration;
			buildSettings = {
				ALWAYS_SEARCH_USER_PATHS = NO;
				ASSETCATALOG_COMPILER_GENERATE_SWIFT_ASSET_SYMBOL_EXTENSIONS = YES;
				CLANG_ANALYZER_NONNULL = YES;
				CLANG_ANALYZER_NUMBER_OBJECT_CONVERSION = YES_AGGRESSIVE;
				CLANG_CXX_LANGUAGE_STANDARD = "gnu++20";
				CLANG_ENABLE_MODULES = YES;
				CLANG_ENABLE_OBJC_ARC = YES;
				CLANG_ENABLE_OBJC_WEAK = YES;
				CLANG_WARN_BLOCK_CAPTURE_AUTORELEASING = YES;
				CLANG_WARN_BOOL_CONVERSION = YES;
				CLANG_WARN_COMMA = YES;
				CLANG_WARN_CONSTANT_CONVERSION = YES;
				CLANG_WARN_DEPRECATED_OBJC_IMPLEMENTATIONS = YES;
				CLANG_WARN_DIRECT_OBJC_ISA_USAGE = YES_ERROR;
				CLANG_WARN_DOCUMENTATION_COMMENTS = YES;
				CLANG_WARN_EMPTY_BODY = YES;
				CLANG_WARN_ENUM_CONVERSION = YES;
				CLANG_WARN_INFINITE_RECURSION = YES;
				CLANG_WARN_INT_CONVERSION = YES;
				CLANG_WARN_NON_LITERAL_NULL_CONVERSION = YES;
				CLANG_WARN_OBJC_IMPLICIT_RETAIN_SELF = YES;
				CLANG_WARN_OBJC_LITERAL_CONVERSION = YES;
				CLANG_WARN_OBJC_ROOT_CLASS = YES_ERROR;
				CLANG_WARN_QUOTED_INCLUDE_IN_FRAMEWORK_HEADER = YES;
				CLANG_WARN_RANGE_LOOP_ANALYSIS = YES;
				CLANG_WARN_STRICT_PROTOTYPES = YES;
				CLANG_WARN_SUSPICIOUS_MOVE = YES;
				CLANG_WARN_UNGUARDED_AVAILABILITY = YES_AGGRESSIVE;
				CLANG_WARN_UNREACHABLE_CODE = YES;
				CLANG_WARN__DUPLICATE_METHOD_MATCH = YES;
				COPY_PHASE_STRIP = NO;
				DEBUG_INFORMATION_FORMAT = "dwarf-with-dsym";
				ENABLE_NS_ASSERTIONS = NO;
				ENABLE_STRICT_OBJC_MSGSEND = YES;
				ENABLE_USER_SCRIPT_SANDBOXING = YES;
				GCC_C_LANGUAGE_STANDARD = gnu17;
				GCC_NO_COMMON_BLOCKS = YES;
				GCC_WARN_64_TO_32_BIT_CONVERSION = YES;
				GCC_WARN_ABOUT_RETURN_TYPE = YES_ERROR;
				GCC_WARN_UNDECLARED_SELECTOR = YES;
				GCC_WARN_UNINITIALIZED_AUTOS = YES_AGGRESSIVE;
				GCC_WARN_UNUSED_FUNCTION = YES;
				GCC_WARN_UNUSED_VARIABLE = YES;
				IPHONEOS_DEPLOYMENT_TARGET = 18.2;
				LOCALIZATION_PREFERS_STRING_CATALOGS = YES;
				MTL_ENABLE_DEBUG_INFO = NO;
				MTL_FAST_MATH = YES;
				SDKROOT = iphoneos;
				SWIFT_COMPILATION_MODE = wholemodule;
				VALIDATE_PRODUCT = YES;
			};
			name = Release;
		};
/* End XCBuildConfiguration section */

/* Begin XCConfigurationList section */
		A8E473C22D0C8A40005833B2 /* Build configuration list for PBXProject "AnyList" */ = {
			isa = XCConfigurationList;
			buildConfigurations = (
				A8E473DD2D0C8A41005833B2 /* Debug */,
				A8E473DE2D0C8A41005833B2 /* Release */,
			);
			defaultConfigurationIsVisible = 0;
			defaultConfigurationName = Release;
		};
		A8E473DA2D0C8A41005833B2 /* Build configuration list for PBXNativeTarget "AnyList" */ = {
			isa = XCConfigurationList;
			buildConfigurations = (
				A8E473DB2D0C8A41005833B2 /* Debug */,
				A8E473DC2D0C8A41005833B2 /* Release */,
			);
			defaultConfigurationIsVisible = 0;
			defaultConfigurationName = Release;
		};
/* End XCConfigurationList section */

/* Begin XCRemoteSwiftPackageReference section */
		A8E473EB2D0C8F3A005833B2 /* XCRemoteSwiftPackageReference "firebase-ios-sdk" */ = {
			isa = XCRemoteSwiftPackageReference;
			repositoryURL = "https://github.com/firebase/firebase-ios-sdk";
			requirement = {
				kind = upToNextMajorVersion;
				minimumVersion = 11.6.0;
			};
		};
/* End XCRemoteSwiftPackageReference section */

/* Begin XCSwiftPackageProductDependency section */
		A8E4743B2D0F9646005833B2 /* FirebaseCore */ = {
			isa = XCSwiftPackageProductDependency;
			package = A8E473EB2D0C8F3A005833B2 /* XCRemoteSwiftPackageReference "firebase-ios-sdk" */;
			productName = FirebaseCore;
		};
		A8E4743D2D0F9660005833B2 /* FirebaseAuth */ = {
			isa = XCSwiftPackageProductDependency;
			package = A8E473EB2D0C8F3A005833B2 /* XCRemoteSwiftPackageReference "firebase-ios-sdk" */;
			productName = FirebaseAuth;
		};
		A8E4743F2D0F9682005833B2 /* FirebaseFirestore */ = {
			isa = XCSwiftPackageProductDependency;
			package = A8E473EB2D0C8F3A005833B2 /* XCRemoteSwiftPackageReference "firebase-ios-sdk" */;
			productName = FirebaseFirestore;
		};
/* End XCSwiftPackageProductDependency section */
	};
	rootObject = A8E473BF2D0C8A40005833B2 /* Project object */;
}
